
Microsoft Visual Studio Solution File, Format Version 12.00
# Visual Studio Version 16
VisualStudioVersion = 16.0.30523.141
MinimumVisualStudioVersion = 10.0.40219.1
Project("{FAE04EC0-301F-11D3-BF4B-00C04F79EFBC}") = "RockPaperScissorsGame", "RockPaperScissorsGame\RockPaperScissorsGame.csproj", "{C8545C1B-3EFE-4427-8084-2BA4DC0FD2F4}"
EndProject
Project("{FAE04EC0-301F-11D3-BF4B-00C04F79EFBC}") = "RockPaperScissorsGUI", "RockPaperScissorsGUI\RockPaperScissorsGUI.csproj", "{F3E41D72-F970-4699-BC09-BEAB8D758759}"
EndProject
Global
	GlobalSection(SolutionConfigurationPlatforms) = preSolution
		Debug|Any CPU = Debug|Any CPU
		Release|Any CPU = Release|Any CPU
	EndGlobalSection
	GlobalSection(ProjectConfigurationPlatforms) = postSolution
		{C8545C1B-3EFE-4427-8084-2BA4DC0FD2F4}.Debug|Any CPU.ActiveCfg = Debug|Any CPU
		{C8545C1B-3EFE-4427-8084-2BA4DC0FD2F4}.Debug|Any CPU.Build.0 = Debug|Any CPU
		{C8545C1B-3EFE-4427-8084-2BA4DC0FD2F4}.Release|Any CPU.ActiveCfg = Release|Any CPU
		{C8545C1B-3EFE-4427-8084-2BA4DC0FD2F4}.Release|Any CPU.Build.0 = Release|Any CPU
		{F3E41D72-F970-4699-BC09-BEAB8D758759}.Debug|Any CPU.ActiveCfg = Debug|Any CPU
		{F3E41D72-F970-4699-BC09-BEAB8D758759}.Debug|Any CPU.Build.0 = Debug|Any CPU
		{F3E41D72-F970-4699-BC09-BEAB8D758759}.Release|Any CPU.ActiveCfg = Release|Any CPU
		{F3E41D72-F970-4699-BC09-BEAB8D758759}.Release|Any CPU.Build.0 = Release|Any CPU
	EndGlobalSection
	GlobalSection(SolutionProperties) = preSolution
		HideSolutionNode = FALSE
	EndGlobalSection
	GlobalSection(ExtensibilityGlobals) = postSolution
		SolutionGuid = {9B5186D2-E088-42C4-BDB0-BB5088BB2FBC}
	EndGlobalSection
EndGlobal
